// !$*UTF8*$!
{
	archiveVersion = 1;
	classes = {
	};
	objectVersion = 46;
	objects = {

/* Begin PBXBuildFile section */
		D05C460B1D8A3E8F00072954 /* AppDelegate.swift in Sources */ = {isa = PBXBuildFile; fileRef = D05C460A1D8A3E8F00072954 /* AppDelegate.swift */; };
		D05C460D1D8A3E8F00072954 /* ViewController.swift in Sources */ = {isa = PBXBuildFile; fileRef = D05C460C1D8A3E8F00072954 /* ViewController.swift */; };
		D05C46101D8A3E9000072954 /* Main.storyboard in Resources */ = {isa = PBXBuildFile; fileRef = D05C460E1D8A3E9000072954 /* Main.storyboard */; };
		D05C46121D8A3E9000072954 /* Assets.xcassets in Resources */ = {isa = PBXBuildFile; fileRef = D05C46111D8A3E9000072954 /* Assets.xcassets */; };
		D05C46151D8A3E9000072954 /* LaunchScreen.storyboard in Resources */ = {isa = PBXBuildFile; fileRef = D05C46131D8A3E9000072954 /* LaunchScreen.storyboard */; };
		D05C46201D8A3E9200072954 /* juego_de_memoriaTests.swift in Sources */ = {isa = PBXBuildFile; fileRef = D05C461F1D8A3E9200072954 /* juego_de_memoriaTests.swift */; };
		D05C462B1D8A3E9200072954 /* juego_de_memoriaUITests.swift in Sources */ = {isa = PBXBuildFile; fileRef = D05C462A1D8A3E9200072954 /* juego_de_memoriaUITests.swift */; };
/* End PBXBuildFile section */

/* Begin PBXContainerItemProxy section */
		D05C461C1D8A3E9200072954 /* PBXContainerItemProxy */ = {
			isa = PBXContainerItemProxy;
			containerPortal = D05C45FF1D8A3E8800072954 /* Project object */;
			proxyType = 1;
			remoteGlobalIDString = D05C46061D8A3E8900072954;
			remoteInfo = "juego de memoria";
		};
		D05C46271D8A3E9200072954 /* PBXContainerItemProxy */ = {
			isa = PBXContainerItemProxy;
			containerPortal = D05C45FF1D8A3E8800072954 /* Project object */;
			proxyType = 1;
			remoteGlobalIDString = D05C46061D8A3E8900072954;
			remoteInfo = "juego de memoria";
		};
/* End PBXContainerItemProxy section */

/* Begin PBXFileReference section */
		D05C46071D8A3E8E00072954 /* juego de memoria.app */ = {isa = PBXFileReference; explicitFileType = wrapper.application; includeInIndex = 0; path = "juego de memoria.app"; sourceTree = BUILT_PRODUCTS_DIR; };
		D05C460A1D8A3E8F00072954 /* AppDelegate.swift */ = {isa = PBXFileReference; lastKnownFileType = sourcecode.swift; path = AppDelegate.swift; sourceTree = "<group>"; };
		D05C460C1D8A3E8F00072954 /* ViewController.swift */ = {isa = PBXFileReference; lastKnownFileType = sourcecode.swift; path = ViewController.swift; sourceTree = "<group>"; };
		D05C460F1D8A3E9000072954 /* Base */ = {isa = PBXFileReference; lastKnownFileType = file.storyboard; name = Base; path = Base.lproj/Main.storyboard; sourceTree = "<group>"; };
		D05C46111D8A3E9000072954 /* Assets.xcassets */ = {isa = PBXFileReference; lastKnownFileType = folder.assetcatalog; path = Assets.xcassets; sourceTree = "<group>"; };
		D05C46141D8A3E9000072954 /* Base */ = {isa = PBXFileReference; lastKnownFileType = file.storyboard; name = Base; path = Base.lproj/LaunchScreen.storyboard; sourceTree = "<group>"; };
		D05C46161D8A3E9100072954 /* Info.plist */ = {isa = PBXFileReference; lastKnownFileType = text.plist.xml; path = Info.plist; sourceTree = "<group>"; };
		D05C461B1D8A3E9200072954 /* juego de memoriaTests.xctest */ = {isa = PBXFileReference; explicitFileType = wrapper.cfbundle; includeInIndex = 0; path = "juego de memoriaTests.xctest"; sourceTree = BUILT_PRODUCTS_DIR; };
		D05C461F1D8A3E9200072954 /* juego_de_memoriaTests.swift */ = {isa = PBXFileReference; lastKnownFileType = sourcecode.swift; path = juego_de_memoriaTests.swift; sourceTree = "<group>"; };
		D05C46211D8A3E9200072954 /* Info.plist */ = {isa = PBXFileReference; lastKnownFileType = text.plist.xml; path = Info.plist; sourceTree = "<group>"; };
		D05C46261D8A3E9200072954 /* juego de memoriaUITests.xctest */ = {isa = PBXFileReference; explicitFileType = wrapper.cfbundle; includeInIndex = 0; path = "juego de memoriaUITests.xctest"; sourceTree = BUILT_PRODUCTS_DIR; };
		D05C462A1D8A3E9200072954 /* juego_de_memoriaUITests.swift */ = {isa = PBXFileReference; lastKnownFileType = sourcecode.swift; path = juego_de_memoriaUITests.swift; sourceTree = "<group>"; };
		D05C462C1D8A3E9200072954 /* Info.plist */ = {isa = PBXFileReference; lastKnownFileType = text.plist.xml; path = Info.plist; sourceTree = "<group>"; };
/* End PBXFileReference section */

/* Begin PBXFrameworksBuildPhase section */
		D05C46041D8A3E8900072954 /* Frameworks */ = {
			isa = PBXFrameworksBuildPhase;
			buildActionMask = 2147483647;
			files = (
			);
			runOnlyForDeploymentPostprocessing = 0;
		};
		D05C46181D8A3E9200072954 /* Frameworks */ = {
			isa = PBXFrameworksBuildPhase;
			buildActionMask = 2147483647;
			files = (
			);
			runOnlyForDeploymentPostprocessing = 0;
		};
		D05C46231D8A3E9200072954 /* Frameworks */ = {
			isa = PBXFrameworksBuildPhase;
			buildActionMask = 2147483647;
			files = (
			);
			runOnlyForDeploymentPostprocessing = 0;
		};
/* End PBXFrameworksBuildPhase section */

/* Begin PBXGroup section */
		D05C45FE1D8A3E8700072954 = {
			isa = PBXGroup;
			children = (
				D05C46091D8A3E8F00072954 /* juego de memoria */,
				D05C461E1D8A3E9200072954 /* juego de memoriaTests */,
				D05C46291D8A3E9200072954 /* juego de memoriaUITests */,
				D05C46081D8A3E8E00072954 /* Products */,
			);
			sourceTree = "<group>";
		};
		D05C46081D8A3E8E00072954 /* Products */ = {
			isa = PBXGroup;
			children = (
				D05C46071D8A3E8E00072954 /* juego de memoria.app */,
				D05C461B1D8A3E9200072954 /* juego de memoriaTests.xctest */,
				D05C46261D8A3E9200072954 /* juego de memoriaUITests.xctest */,
			);
			name = Products;
			sourceTree = "<group>";
		};
		D05C46091D8A3E8F00072954 /* juego de memoria */ = {
			isa = PBXGroup;
			children = (
				D05C460A1D8A3E8F00072954 /* AppDelegate.swift */,
				D05C460C1D8A3E8F00072954 /* ViewController.swift */,
				D05C460E1D8A3E9000072954 /* Main.storyboard */,
				D05C46111D8A3E9000072954 /* Assets.xcassets */,
				D05C46131D8A3E9000072954 /* LaunchScreen.storyboard */,
				D05C46161D8A3E9100072954 /* Info.plist */,
			);
			path = "juego de memoria";
			sourceTree = "<group>";
		};
		D05C461E1D8A3E9200072954 /* juego de memoriaTests */ = {
			isa = PBXGroup;
			children = (
				D05C461F1D8A3E9200072954 /* juego_de_memoriaTests.swift */,
				D05C46211D8A3E9200072954 /* Info.plist */,
			);
			path = "juego de memoriaTests";
			sourceTree = "<group>";
		};
		D05C46291D8A3E9200072954 /* juego de memoriaUITests */ = {
			isa = PBXGroup;
			children = (
				D05C462A1D8A3E9200072954 /* juego_de_memoriaUITests.swift */,
				D05C462C1D8A3E9200072954 /* Info.plist */,
			);
			path = "juego de memoriaUITests";
			sourceTree = "<group>";
		};
/* End PBXGroup section */

/* Begin PBXNativeTarget section */
		D05C46061D8A3E8900072954 /* juego de memoria */ = {
			isa = PBXNativeTarget;
			buildConfigurationList = D05C462F1D8A3E9200072954 /* Build configuration list for PBXNativeTarget "juego de memoria" */;
			buildPhases = (
				D05C46031D8A3E8900072954 /* Sources */,
				D05C46041D8A3E8900072954 /* Frameworks */,
				D05C46051D8A3E8900072954 /* Resources */,
			);
			buildRules = (
			);
			dependencies = (
			);
			name = "juego de memoria";
			productName = "juego de memoria";
			productReference = D05C46071D8A3E8E00072954 /* juego de memoria.app */;
			productType = "com.apple.product-type.application";
		};
		D05C461A1D8A3E9200072954 /* juego de memoriaTests */ = {
			isa = PBXNativeTarget;
			buildConfigurationList = D05C46321D8A3E9300072954 /* Build configuration list for PBXNativeTarget "juego de memoriaTests" */;
			buildPhases = (
				D05C46171D8A3E9200072954 /* Sources */,
				D05C46181D8A3E9200072954 /* Frameworks */,
				D05C46191D8A3E9200072954 /* Resources */,
			);
			buildRules = (
			);
			dependencies = (
				D05C461D1D8A3E9200072954 /* PBXTargetDependency */,
			);
			name = "juego de memoriaTests";
			productName = "juego de memoriaTests";
			productReference = D05C461B1D8A3E9200072954 /* juego de memoriaTests.xctest */;
			productType = "com.apple.product-type.bundle.unit-test";
		};
		D05C46251D8A3E9200072954 /* juego de memoriaUITests */ = {
			isa = PBXNativeTarget;
			buildConfigurationList = D05C46351D8A3E9300072954 /* Build configuration list for PBXNativeTarget "juego de memoriaUITests" */;
			buildPhases = (
				D05C46221D8A3E9200072954 /* Sources */,
				D05C46231D8A3E9200072954 /* Frameworks */,
				D05C46241D8A3E9200072954 /* Resources */,
			);
			buildRules = (
			);
			dependencies = (
				D05C46281D8A3E9200072954 /* PBXTargetDependency */,
			);
			name = "juego de memoriaUITests";
			productName = "juego de memoriaUITests";
			productReference = D05C46261D8A3E9200072954 /* juego de memoriaUITests.xctest */;
			productType = "com.apple.product-type.bundle.ui-testing";
		};
/* End PBXNativeTarget section */

/* Begin PBXProject section */
		D05C45FF1D8A3E8800072954 /* Project object */ = {
			isa = PBXProject;
			attributes = {
				LastSwiftUpdateCheck = 0800;
				LastUpgradeCheck = 0800;
				ORGANIZATIONNAME = "Yolaidy Crisostomo";
				TargetAttributes = {
					D05C46061D8A3E8900072954 = {
						CreatedOnToolsVersion = 8.0;
						ProvisioningStyle = Automatic;
					};
					D05C461A1D8A3E9200072954 = {
						CreatedOnToolsVersion = 8.0;
						ProvisioningStyle = Automatic;
						TestTargetID = D05C46061D8A3E8900072954;
					};
					D05C46251D8A3E9200072954 = {
						CreatedOnToolsVersion = 8.0;
						ProvisioningStyle = Automatic;
						TestTargetID = D05C46061D8A3E8900072954;
					};
				};
			};
			buildConfigurationList = D05C46021D8A3E8800072954 /* Build configuration list for PBXProject "juego de memoria" */;
			compatibilityVersion = "Xcode 3.2";
			developmentRegion = English;
			hasScannedForEncodings = 0;
			knownRegions = (
				en,
				Base,
			);
			mainGroup = D05C45FE1D8A3E8700072954;
			productRefGroup = D05C46081D8A3E8E00072954 /* Products */;
			projectDirPath = "";
			projectRoot = "";
			targets = (
				D05C46061D8A3E8900072954 /* juego de memoria */,
				D05C461A1D8A3E9200072954 /* juego de memoriaTests */,
				D05C46251D8A3E9200072954 /* juego de memoriaUITests */,
			);
		};
/* End PBXProject section */

/* Begin PBXResourcesBuildPhase section */
		D05C46051D8A3E8900072954 /* Resources */ = {
			isa = PBXResourcesBuildPhase;
			buildActionMask = 2147483647;
			files = (
				D05C46151D8A3E9000072954 /* LaunchScreen.storyboard in Resources */,
				D05C46121D8A3E9000072954 /* Assets.xcassets in Resources */,
				D05C46101D8A3E9000072954 /* Main.storyboard in Resources */,
			);
			runOnlyForDeploymentPostprocessing = 0;
		};
		D05C46191D8A3E9200072954 /* Resources */ = {
			isa = PBXResourcesBuildPhase;
			buildActionMask = 2147483647;
			files = (
			);
			runOnlyForDeploymentPostprocessing = 0;
		};
		D05C46241D8A3E9200072954 /* Resources */ = {
			isa = PBXResourcesBuildPhase;
			buildActionMask = 2147483647;
			files = (
			);
			runOnlyForDeploymentPostprocessing = 0;
		};
/* End PBXResourcesBuildPhase section */

/* Begin PBXSourcesBuildPhase section */
		D05C46031D8A3E8900072954 /* Sources */ = {
			isa = PBXSourcesBuildPhase;
			buildActionMask = 2147483647;
			files = (
				D05C460D1D8A3E8F00072954 /* ViewController.swift in Sources */,
				D05C460B1D8A3E8F00072954 /* AppDelegate.swift in Sources */,
			);
			runOnlyForDeploymentPostprocessing = 0;
		};
		D05C46171D8A3E9200072954 /* Sources */ = {
			isa = PBXSourcesBuildPhase;
			buildActionMask = 2147483647;
			files = (
				D05C46201D8A3E9200072954 /* juego_de_memoriaTests.swift in Sources */,
			);
			runOnlyForDeploymentPostprocessing = 0;
		};
		D05C46221D8A3E9200072954 /* Sources */ = {
			isa = PBXSourcesBuildPhase;
			buildActionMask = 2147483647;
			files = (
				D05C462B1D8A3E9200072954 /* juego_de_memoriaUITests.swift in Sources */,
			);
			runOnlyForDeploymentPostprocessing = 0;
		};
/* End PBXSourcesBuildPhase section */

/* Begin PBXTargetDependency section */
		D05C461D1D8A3E9200072954 /* PBXTargetDependency */ = {
			isa = PBXTargetDependency;
			target = D05C46061D8A3E8900072954 /* juego de memoria */;
			targetProxy = D05C461C1D8A3E9200072954 /* PBXContainerItemProxy */;
		};
		D05C46281D8A3E9200072954 /* PBXTargetDependency */ = {
			isa = PBXTargetDependency;
			target = D05C46061D8A3E8900072954 /* juego de memoria */;
			targetProxy = D05C46271D8A3E9200072954 /* PBXContainerItemProxy */;
		};
/* End PBXTargetDependency section */

/* Begin PBXVariantGroup section */
		D05C460E1D8A3E9000072954 /* Main.storyboard */ = {
			isa = PBXVariantGroup;
			children = (
				D05C460F1D8A3E9000072954 /* Base */,
			);
			name = Main.storyboard;
			sourceTree = "<group>";
		};
		D05C46131D8A3E9000072954 /* LaunchScreen.storyboard */ = {
			isa = PBXVariantGroup;
			children = (
				D05C46141D8A3E9000072954 /* Base */,
			);
			name = LaunchScreen.storyboard;
			sourceTree = "<group>";
		};
/* End PBXVariantGroup section */

/* Begin XCBuildConfiguration section */
		D05C462D1D8A3E9200072954 /* Debug */ = {
			isa = XCBuildConfiguration;
			buildSettings = {
				ALWAYS_SEARCH_USER_PATHS = NO;
				CLANG_ANALYZER_NONNULL = YES;
				CLANG_CXX_LANGUAGE_STANDARD = "gnu++0x";
				CLANG_CXX_LIBRARY = "libc++";
				CLANG_ENABLE_MODULES = YES;
				CLANG_ENABLE_OBJC_ARC = YES;
				CLANG_WARN_BOOL_CONVERSION = YES;
				CLANG_WARN_CONSTANT_CONVERSION = YES;
				CLANG_WARN_DIRECT_OBJC_ISA_USAGE = YES_ERROR;
				CLANG_WARN_DOCUMENTATION_COMMENTS = YES;
				CLANG_WARN_EMPTY_BODY = YES;
				CLANG_WARN_ENUM_CONVERSION = YES;
				CLANG_WARN_INFINITE_RECURSION = YES;
				CLANG_WARN_INT_CONVERSION = YES;
				CLANG_WARN_OBJC_ROOT_CLASS = YES_ERROR;
				CLANG_WARN_SUSPICIOUS_MOVES = YES;
				CLANG_WARN_UNREACHABLE_CODE = YES;
				CLANG_WARN__DUPLICATE_METHOD_MATCH = YES;
				"CODE_SIGN_IDENTITY[sdk=iphoneos*]" = "iPhone Developer";
				COPY_PHASE_STRIP = NO;
				DEBUG_INFORMATION_FORMAT = dwarf;
				ENABLE_STRICT_OBJC_MSGSEND = YES;
				ENABLE_TESTABILITY = YES;
				GCC_C_LANGUAGE_STANDARD = gnu99;
				GCC_DYNAMIC_NO_PIC = NO;
				GCC_NO_COMMON_BLOCKS = YES;
				GCC_OPTIMIZATION_LEVEL = 0;
				GCC_PREPROCESSOR_DEFINITIONS = (
					"DEBUG=1",
					"$(inherited)",
				);
				GCC_WARN_64_TO_32_BIT_CONVERSION = YES;
				GCC_WARN_ABOUT_RETURN_TYPE = YES_ERROR;
				GCC_WARN_UNDECLARED_SELECTOR = YES;
				GCC_WARN_UNINITIALIZED_AUTOS = YES_AGGRESSIVE;
				GCC_WARN_UNUSED_FUNCTION = YES;
				GCC_WARN_UNUSED_VARIABLE = YES;
				IPHONEOS_DEPLOYMENT_TARGET = 10.0;
				MTL_ENABLE_DEBUG_INFO = YES;
				ONLY_ACTIVE_ARCH = YES;
				SDKROOT = iphoneos;
				SWIFT_ACTIVE_COMPILATION_CONDITIONS = DEBUG;
				SWIFT_OPTIMIZATION_LEVEL = "-Onone";
				TARGETED_DEVICE_FAMILY = "1,2";
			};
			name = Debug;
		};
		D05C462E1D8A3E9200072954 /* Release */ = {
			isa = XCBuildConfiguration;
			buildSettings = {
				ALWAYS_SEARCH_USER_PATHS = NO;
				CLANG_ANALYZER_NONNULL = YES;
				CLANG_CXX_LANGUAGE_STANDARD = "gnu++0x";
				CLANG_CXX_LIBRARY = "libc++";
				CLANG_ENABLE_MODULES = YES;
				CLANG_ENABLE_OBJC_ARC = YES;
				CLANG_WARN_BOOL_CONVERSION = YES;
				CLANG_WARN_CONSTANT_CONVERSION = YES;
				CLANG_WARN_DIRECT_OBJC_ISA_USAGE = YES_ERROR;
				CLANG_WARN_DOCUMENTATION_COMMENTS = YES;
				CLANG_WARN_EMPTY_BODY = YES;
				CLANG_WARN_ENUM_CONVERSION = YES;
				CLANG_WARN_INFINITE_RECURSION = YES;
				CLANG_WARN_INT_CONVERSION = YES;
				CLANG_WARN_OBJC_ROOT_CLASS = YES_ERROR;
				CLANG_WARN_SUSPICIOUS_MOVES = YES;
				CLANG_WARN_UNREACHABLE_CODE = YES;
				CLANG_WARN__DUPLICATE_METHOD_MATCH = YES;
				"CODE_SIGN_IDENTITY[sdk=iphoneos*]" = "iPhone Developer";
				COPY_PHASE_STRIP = NO;
				DEBUG_INFORMATION_FORMAT = "dwarf-with-dsym";
				ENABLE_NS_ASSERTIONS = NO;
				ENABLE_STRICT_OBJC_MSGSEND = YES;
				GCC_C_LANGUAGE_STANDARD = gnu99;
				GCC_NO_COMMON_BLOCKS = YES;
				GCC_WARN_64_TO_32_BIT_CONVERSION = YES;
				GCC_WARN_ABOUT_RETURN_TYPE = YES_ERROR;
				GCC_WARN_UNDECLARED_SELECTOR = YES;
				GCC_WARN_UNINITIALIZED_AUTOS = YES_AGGRESSIVE;
				GCC_WARN_UNUSED_FUNCTION = YES;
				GCC_WARN_UNUSED_VARIABLE = YES;
				IPHONEOS_DEPLOYMENT_TARGET = 10.0;
				MTL_ENABLE_DEBUG_INFO = NO;
				SDKROOT = iphoneos;
				SWIFT_OPTIMIZATION_LEVEL = "-Owholemodule";
				TARGETED_DEVICE_FAMILY = "1,2";
				VALIDATE_PRODUCT = YES;
			};
			name = Release;
		};
		D05C46301D8A3E9200072954 /* Debug */ = {
			isa = XCBuildConfiguration;
			buildSettings = {
				ASSETCATALOG_COMPILER_APPICON_NAME = AppIcon;
				INFOPLIST_FILE = "juego de memoria/Info.plist";
				LD_RUNPATH_SEARCH_PATHS = "$(inherited) @executable_path/Frameworks";
				PRODUCT_BUNDLE_IDENTIFIER = "yc.juego-de-memoria";
				PRODUCT_NAME = "$(TARGET_NAME)";
				SWIFT_VERSION = 3.0;
			};
			name = Debug;
		};
		D05C46311D8A3E9200072954 /* Release */ = {
			isa = XCBuildConfiguration;
			buildSettings = {
				ASSETCATALOG_COMPILER_APPICON_NAME = AppIcon;
				INFOPLIST_FILE = "juego de memoria/Info.plist";
				LD_RUNPATH_SEARCH_PATHS = "$(inherited) @executable_path/Frameworks";
				PRODUCT_BUNDLE_IDENTIFIER = "yc.juego-de-memoria";
				PRODUCT_NAME = "$(TARGET_NAME)";
				SWIFT_VERSION = 3.0;
			};
			name = Release;
		};
		D05C46331D8A3E9300072954 /* Debug */ = {
			isa = XCBuildConfiguration;
			buildSettings = {
				ALWAYS_EMBED_SWIFT_STANDARD_LIBRARIES = YES;
				BUNDLE_LOADER = "$(TEST_HOST)";
				INFOPLIST_FILE = "juego de memoriaTests/Info.plist";
				LD_RUNPATH_SEARCH_PATHS = "$(inherited) @executable_path/Frameworks @loader_path/Frameworks";
				PRODUCT_BUNDLE_IDENTIFIER = "yc.juego-de-memoriaTests";
				PRODUCT_NAME = "$(TARGET_NAME)";
				SWIFT_VERSION = 3.0;
				TEST_HOST = "$(BUILT_PRODUCTS_DIR)/juego de memoria.app/juego de memoria";
			};
			name = Debug;
		};
		D05C46341D8A3E9300072954 /* Release */ = {
			isa = XCBuildConfiguration;
			buildSettings = {
				ALWAYS_EMBED_SWIFT_STANDARD_LIBRARIES = YES;
				BUNDLE_LOADER = "$(TEST_HOST)";
				INFOPLIST_FILE = "juego de memoriaTests/Info.plist";
				LD_RUNPATH_SEARCH_PATHS = "$(inherited) @executable_path/Frameworks @loader_path/Frameworks";
				PRODUCT_BUNDLE_IDENTIFIER = "yc.juego-de-memoriaTests";
				PRODUCT_NAME = "$(TARGET_NAME)";
				SWIFT_VERSION = 3.0;
				TEST_HOST = "$(BUILT_PRODUCTS_DIR)/juego de memoria.app/juego de memoria";
			};
			name = Release;
		};
		D05C46361D8A3E9300072954 /* Debug */ = {
			isa = XCBuildConfiguration;
			buildSettings = {
				ALWAYS_EMBED_SWIFT_STANDARD_LIBRARIES = YES;
				INFOPLIST_FILE = "juego de memoriaUITests/Info.plist";
				LD_RUNPATH_SEARCH_PATHS = "$(inherited) @executable_path/Frameworks @loader_path/Frameworks";
				PRODUCT_BUNDLE_IDENTIFIER = "yc.juego-de-memoriaUITests";
				PRODUCT_NAME = "$(TARGET_NAME)";
				SWIFT_VERSION = 3.0;
				TEST_TARGET_NAME = "juego de memoria";
			};
			name = Debug;
		};
		D05C46371D8A3E9300072954 /* Release */ = {
			isa = XCBuildConfiguration;
			buildSettings = {
				ALWAYS_EMBED_SWIFT_STANDARD_LIBRARIES = YES;
				INFOPLIST_FILE = "juego de memoriaUITests/Info.plist";
				LD_RUNPATH_SEARCH_PATHS = "$(inherited) @executable_path/Frameworks @loader_path/Frameworks";
				PRODUCT_BUNDLE_IDENTIFIER = "yc.juego-de-memoriaUITests";
				PRODUCT_NAME = "$(TARGET_NAME)";
				SWIFT_VERSION = 3.0;
				TEST_TARGET_NAME = "juego de memoria";
			};
			name = Release;
		};
/* End XCBuildConfiguration section */

/* Begin XCConfigurationList section */
		D05C46021D8A3E8800072954 /* Build configuration list for PBXProject "juego de memoria" */ = {
			isa = XCConfigurationList;
			buildConfigurations = (
				D05C462D1D8A3E9200072954 /* Debug */,
				D05C462E1D8A3E9200072954 /* Release */,
			);
			defaultConfigurationIsVisible = 0;
			defaultConfigurationName = Release;
		};
		D05C462F1D8A3E9200072954 /* Build configuration list for PBXNativeTarget "juego de memoria" */ = {
			isa = XCConfigurationList;
			buildConfigurations = (
				D05C46301D8A3E9200072954 /* Debug */,
				D05C46311D8A3E9200072954 /* Release */,
			);
			defaultConfigurationIsVisible = 0;
		};
		D05C46321D8A3E9300072954 /* Build configuration list for PBXNativeTarget "juego de memoriaTests" */ = {
			isa = XCConfigurationList;
			buildConfigurations = (
				D05C46331D8A3E9300072954 /* Debug */,
				D05C46341D8A3E9300072954 /* Release */,
			);
			defaultConfigurationIsVisible = 0;
		};
		D05C46351D8A3E9300072954 /* Build configuration list for PBXNativeTarget "juego de memoriaUITests" */ = {
			isa = XCConfigurationList;
			buildConfigurations = (
				D05C46361D8A3E9300072954 /* Debug */,
				D05C46371D8A3E9300072954 /* Release */,
			);
			defaultConfigurationIsVisible = 0;
		};
/* End XCConfigurationList section */
	};
	rootObject = D05C45FF1D8A3E8800072954 /* Project object */;
}
